
Microsoft Visual Studio Solution File, Format Version 12.00
# Visual Studio 15
VisualStudioVersion = 15.0.26430.15
MinimumVisualStudioVersion = 10.0.40219.1
Project("{FAE04EC0-301F-11D3-BF4B-00C04F79EFBC}") = "u2.Core", "u2.Core\u2.Core.csproj", "{BDB61368-E0C4-46CC-B47C-F275CFF7F339}"
EndProject
Project("{FAE04EC0-301F-11D3-BF4B-00C04F79EFBC}") = "u2.Umbraco", "u2.Umbraco\u2.Umbraco.csproj", "{C4A0E78C-6801-446C-AACC-C1E6D6F22BE1}"
EndProject
Project("{2150E333-8FDC-42A3-9474-1A3956D46DE8}") = "Test", "Test", "{983A63FA-43B2-4E1E-B65E-5A33BB699BD6}"
EndProject
Project("{FAE04EC0-301F-11D3-BF4B-00C04F79EFBC}") = "u2.Core.Test", "u2.Core.Test\u2.Core.Test.csproj", "{AD679768-EF24-4072-B5F3-9D932D4C4993}"
EndProject
Project("{FAE04EC0-301F-11D3-BF4B-00C04F79EFBC}") = "u2.Caching", "u2.Caching\u2.Caching.csproj", "{5C409114-17E3-45BF-BF3B-82801598D953}"
EndProject
Project("{FAE04EC0-301F-11D3-BF4B-00C04F79EFBC}") = "u2.Caching.Test", "u2.Caching.Test\u2.Caching.Test.csproj", "{FD608BE9-CFE7-4EBF-BEC5-A7B0D8E84BEF}"
EndProject
Project("{FAE04EC0-301F-11D3-BF4B-00C04F79EFBC}") = "u2.Umbraco.Test", "u2.Umbraco.Test\u2.Umbraco.Test.csproj", "{6C63194B-342A-4212-A403-AE59832867B6}"
EndProject
Project("{FAE04EC0-301F-11D3-BF4B-00C04F79EFBC}") = "u2.Test", "u2.Test\u2.Test.csproj", "{E2B6276A-21C6-4D40-AB7E-FA480511D915}"
EndProject
Project("{FAE04EC0-301F-11D3-BF4B-00C04F79EFBC}") = "u2.Demo.Api", "u2.Demo.Api\u2.Demo.Api.csproj", "{8D0DC022-5B61-486B-B05D-3560180210C7}"
EndProject
Project("{FAE04EC0-301F-11D3-BF4B-00C04F79EFBC}") = "u2.Demo.Common", "u2.Demo.Common\u2.Demo.Common.csproj", "{D000D82D-EAEE-4212-AE9A-4CE90E60C6D4}"
EndProject
Project("{FAE04EC0-301F-11D3-BF4B-00C04F79EFBC}") = "u2.Demo.Data", "u2.Demo.Data\u2.Demo.Data.csproj", "{BB6AD3BD-5D4F-422B-8C58-E73A15937F3C}"
EndProject
Project("{FAE04EC0-301F-11D3-BF4B-00C04F79EFBC}") = "u2.Demo.Service", "u2.Demo.Service\u2.Demo.Service.csproj", "{A0200955-0042-43F7-B0BD-976A142C52F1}"
EndProject
Project("{FAE04EC0-301F-11D3-BF4B-00C04F79EFBC}") = "u2.Fixture", "u2.Fixture\u2.Fixture.csproj", "{14C72218-F6B6-4980-AEBD-B4BC00536573}"
EndProject
Project("{FAE04EC0-301F-11D3-BF4B-00C04F79EFBC}") = "u2.Fixture.Test", "u2.Fixture.Test\u2.Config.Test.csproj", "{41241C37-D04D-45B2-8BFD-0A239F9A3593}"
EndProject
Project("{FAE04EC0-301F-11D3-BF4B-00C04F79EFBC}") = "u2.Demo.Provider", "u2.Demo.Provider\u2.Demo.Provider.csproj", "{F73A303A-F11E-4382-8CF1-1335614E61DE}"
EndProject
Project("{FAE04EC0-301F-11D3-BF4B-00C04F79EFBC}") = "u2.Umbraco.DataType", "u2.Umbraco.DataType\u2.Umbraco.DataType.csproj", "{20797258-0485-43C1-A39D-FFDCBE74F830}"
EndProject
Project("{FAE04EC0-301F-11D3-BF4B-00C04F79EFBC}") = "u2.Umbraco.DataType.Test", "u2.Umbraco.DataType.Test\u2.Umbraco.DataType.Test.csproj", "{6BFDA8FF-0A5B-4A3A-B9F6-641D585879A4}"
EndProject
Global
	GlobalSection(SolutionConfigurationPlatforms) = preSolution
		Debug|Any CPU = Debug|Any CPU
		Release|Any CPU = Release|Any CPU
	EndGlobalSection
	GlobalSection(ProjectConfigurationPlatforms) = postSolution
		{BDB61368-E0C4-46CC-B47C-F275CFF7F339}.Debug|Any CPU.ActiveCfg = Debug|Any CPU
		{BDB61368-E0C4-46CC-B47C-F275CFF7F339}.Debug|Any CPU.Build.0 = Debug|Any CPU
		{BDB61368-E0C4-46CC-B47C-F275CFF7F339}.Release|Any CPU.ActiveCfg = Release|Any CPU
		{BDB61368-E0C4-46CC-B47C-F275CFF7F339}.Release|Any CPU.Build.0 = Release|Any CPU
		{C4A0E78C-6801-446C-AACC-C1E6D6F22BE1}.Debug|Any CPU.ActiveCfg = Debug|Any CPU
		{C4A0E78C-6801-446C-AACC-C1E6D6F22BE1}.Debug|Any CPU.Build.0 = Debug|Any CPU
		{C4A0E78C-6801-446C-AACC-C1E6D6F22BE1}.Release|Any CPU.ActiveCfg = Release|Any CPU
		{C4A0E78C-6801-446C-AACC-C1E6D6F22BE1}.Release|Any CPU.Build.0 = Release|Any CPU
		{AD679768-EF24-4072-B5F3-9D932D4C4993}.Debug|Any CPU.ActiveCfg = Debug|Any CPU
		{AD679768-EF24-4072-B5F3-9D932D4C4993}.Debug|Any CPU.Build.0 = Debug|Any CPU
		{AD679768-EF24-4072-B5F3-9D932D4C4993}.Release|Any CPU.ActiveCfg = Release|Any CPU
		{AD679768-EF24-4072-B5F3-9D932D4C4993}.Release|Any CPU.Build.0 = Release|Any CPU
		{5C409114-17E3-45BF-BF3B-82801598D953}.Debug|Any CPU.ActiveCfg = Debug|Any CPU
		{5C409114-17E3-45BF-BF3B-82801598D953}.Debug|Any CPU.Build.0 = Debug|Any CPU
		{5C409114-17E3-45BF-BF3B-82801598D953}.Release|Any CPU.ActiveCfg = Release|Any CPU
		{5C409114-17E3-45BF-BF3B-82801598D953}.Release|Any CPU.Build.0 = Release|Any CPU
		{FD608BE9-CFE7-4EBF-BEC5-A7B0D8E84BEF}.Debug|Any CPU.ActiveCfg = Debug|Any CPU
		{FD608BE9-CFE7-4EBF-BEC5-A7B0D8E84BEF}.Debug|Any CPU.Build.0 = Debug|Any CPU
		{FD608BE9-CFE7-4EBF-BEC5-A7B0D8E84BEF}.Release|Any CPU.ActiveCfg = Release|Any CPU
		{FD608BE9-CFE7-4EBF-BEC5-A7B0D8E84BEF}.Release|Any CPU.Build.0 = Release|Any CPU
		{6C63194B-342A-4212-A403-AE59832867B6}.Debug|Any CPU.ActiveCfg = Debug|Any CPU
		{6C63194B-342A-4212-A403-AE59832867B6}.Debug|Any CPU.Build.0 = Debug|Any CPU
		{6C63194B-342A-4212-A403-AE59832867B6}.Release|Any CPU.ActiveCfg = Release|Any CPU
		{6C63194B-342A-4212-A403-AE59832867B6}.Release|Any CPU.Build.0 = Release|Any CPU
		{E2B6276A-21C6-4D40-AB7E-FA480511D915}.Debug|Any CPU.ActiveCfg = Debug|Any CPU
		{E2B6276A-21C6-4D40-AB7E-FA480511D915}.Debug|Any CPU.Build.0 = Debug|Any CPU
		{E2B6276A-21C6-4D40-AB7E-FA480511D915}.Release|Any CPU.ActiveCfg = Release|Any CPU
		{E2B6276A-21C6-4D40-AB7E-FA480511D915}.Release|Any CPU.Build.0 = Release|Any CPU
		{8D0DC022-5B61-486B-B05D-3560180210C7}.Debug|Any CPU.ActiveCfg = Debug|Any CPU
		{8D0DC022-5B61-486B-B05D-3560180210C7}.Debug|Any CPU.Build.0 = Debug|Any CPU
		{8D0DC022-5B61-486B-B05D-3560180210C7}.Release|Any CPU.ActiveCfg = Release|Any CPU
		{8D0DC022-5B61-486B-B05D-3560180210C7}.Release|Any CPU.Build.0 = Release|Any CPU
		{D000D82D-EAEE-4212-AE9A-4CE90E60C6D4}.Debug|Any CPU.ActiveCfg = Debug|Any CPU
		{D000D82D-EAEE-4212-AE9A-4CE90E60C6D4}.Debug|Any CPU.Build.0 = Debug|Any CPU
		{D000D82D-EAEE-4212-AE9A-4CE90E60C6D4}.Release|Any CPU.ActiveCfg = Release|Any CPU
		{D000D82D-EAEE-4212-AE9A-4CE90E60C6D4}.Release|Any CPU.Build.0 = Release|Any CPU
		{BB6AD3BD-5D4F-422B-8C58-E73A15937F3C}.Debug|Any CPU.ActiveCfg = Debug|Any CPU
		{BB6AD3BD-5D4F-422B-8C58-E73A15937F3C}.Debug|Any CPU.Build.0 = Debug|Any CPU
		{BB6AD3BD-5D4F-422B-8C58-E73A15937F3C}.Release|Any CPU.ActiveCfg = Release|Any CPU
		{BB6AD3BD-5D4F-422B-8C58-E73A15937F3C}.Release|Any CPU.Build.0 = Release|Any CPU
		{A0200955-0042-43F7-B0BD-976A142C52F1}.Debug|Any CPU.ActiveCfg = Debug|Any CPU
		{A0200955-0042-43F7-B0BD-976A142C52F1}.Debug|Any CPU.Build.0 = Debug|Any CPU
		{A0200955-0042-43F7-B0BD-976A142C52F1}.Release|Any CPU.ActiveCfg = Release|Any CPU
		{A0200955-0042-43F7-B0BD-976A142C52F1}.Release|Any CPU.Build.0 = Release|Any CPU
		{14C72218-F6B6-4980-AEBD-B4BC00536573}.Debug|Any CPU.ActiveCfg = Debug|Any CPU
		{14C72218-F6B6-4980-AEBD-B4BC00536573}.Debug|Any CPU.Build.0 = Debug|Any CPU
		{14C72218-F6B6-4980-AEBD-B4BC00536573}.Release|Any CPU.ActiveCfg = Release|Any CPU
		{14C72218-F6B6-4980-AEBD-B4BC00536573}.Release|Any CPU.Build.0 = Release|Any CPU
		{41241C37-D04D-45B2-8BFD-0A239F9A3593}.Debug|Any CPU.ActiveCfg = Debug|Any CPU
		{41241C37-D04D-45B2-8BFD-0A239F9A3593}.Debug|Any CPU.Build.0 = Debug|Any CPU
		{41241C37-D04D-45B2-8BFD-0A239F9A3593}.Release|Any CPU.ActiveCfg = Release|Any CPU
		{41241C37-D04D-45B2-8BFD-0A239F9A3593}.Release|Any CPU.Build.0 = Release|Any CPU
		{F73A303A-F11E-4382-8CF1-1335614E61DE}.Debug|Any CPU.ActiveCfg = Debug|Any CPU
		{F73A303A-F11E-4382-8CF1-1335614E61DE}.Debug|Any CPU.Build.0 = Debug|Any CPU
		{F73A303A-F11E-4382-8CF1-1335614E61DE}.Release|Any CPU.ActiveCfg = Release|Any CPU
		{F73A303A-F11E-4382-8CF1-1335614E61DE}.Release|Any CPU.Build.0 = Release|Any CPU
		{20797258-0485-43C1-A39D-FFDCBE74F830}.Debug|Any CPU.ActiveCfg = Debug|Any CPU
		{20797258-0485-43C1-A39D-FFDCBE74F830}.Debug|Any CPU.Build.0 = Debug|Any CPU
		{20797258-0485-43C1-A39D-FFDCBE74F830}.Release|Any CPU.ActiveCfg = Release|Any CPU
		{20797258-0485-43C1-A39D-FFDCBE74F830}.Release|Any CPU.Build.0 = Release|Any CPU
		{6BFDA8FF-0A5B-4A3A-B9F6-641D585879A4}.Debug|Any CPU.ActiveCfg = Debug|Any CPU
		{6BFDA8FF-0A5B-4A3A-B9F6-641D585879A4}.Debug|Any CPU.Build.0 = Debug|Any CPU
		{6BFDA8FF-0A5B-4A3A-B9F6-641D585879A4}.Release|Any CPU.ActiveCfg = Release|Any CPU
		{6BFDA8FF-0A5B-4A3A-B9F6-641D585879A4}.Release|Any CPU.Build.0 = Release|Any CPU
	EndGlobalSection
	GlobalSection(SolutionProperties) = preSolution
		HideSolutionNode = FALSE
	EndGlobalSection
	GlobalSection(NestedProjects) = preSolution
		{AD679768-EF24-4072-B5F3-9D932D4C4993} = {983A63FA-43B2-4E1E-B65E-5A33BB699BD6}
		{FD608BE9-CFE7-4EBF-BEC5-A7B0D8E84BEF} = {983A63FA-43B2-4E1E-B65E-5A33BB699BD6}
		{6C63194B-342A-4212-A403-AE59832867B6} = {983A63FA-43B2-4E1E-B65E-5A33BB699BD6}
		{E2B6276A-21C6-4D40-AB7E-FA480511D915} = {983A63FA-43B2-4E1E-B65E-5A33BB699BD6}
		{41241C37-D04D-45B2-8BFD-0A239F9A3593} = {983A63FA-43B2-4E1E-B65E-5A33BB699BD6}
		{6BFDA8FF-0A5B-4A3A-B9F6-641D585879A4} = {983A63FA-43B2-4E1E-B65E-5A33BB699BD6}
	EndGlobalSection
EndGlobal
